
Microsoft Visual Studio Solution File, Format Version 12.00
# Visual Studio Version 16
VisualStudioVersion = 16.0.30114.105
MinimumVisualStudioVersion = 10.0.40219.1
Project("{2150E333-8FDC-42A3-9474-1A3956D46DE8}") = "src", "src", "{C2F2C2EA-A6CE-4657-868A-50434DCA87EA}"
EndProject
Project("{2150E333-8FDC-42A3-9474-1A3956D46DE8}") = "test", "test", "{363C1271-2B9C-4F4E-BCA9-CA0380ADAE43}"
EndProject
Project("{FAE04EC0-301F-11D3-BF4B-00C04F79EFBC}") = "WebApi", "src\WebApi\WebApi.csproj", "{BC58A8F9-09F3-4081-8C9C-56EE89471BB1}"
EndProject
Project("{FAE04EC0-301F-11D3-BF4B-00C04F79EFBC}") = "IOC", "src\IOC\IOC.csproj", "{30BB0C23-65BF-498B-9F7F-2D41C563AA3D}"
EndProject
Project("{FAE04EC0-301F-11D3-BF4B-00C04F79EFBC}") = "IOC.Test", "test\IOC.Test\IOC.Test.csproj", "{FE29D843-DA8E-4C62-B965-B1BC015771CE}"
EndProject
Project("{FAE04EC0-301F-11D3-BF4B-00C04F79EFBC}") = "CQRS", "src\CQRS\CQRS.csproj", "{FA829FB2-8400-4FEF-9668-32BE8F0BEF9A}"
EndProject
Project("{FAE04EC0-301F-11D3-BF4B-00C04F79EFBC}") = "CQRS.Test", "test\CQRS.Test\CQRS.Test.csproj", "{1E14EB46-BA8A-4B8F-9BC9-07F1E81F7F89}"
EndProject
Global
	GlobalSection(SolutionConfigurationPlatforms) = preSolution
		Debug|Any CPU = Debug|Any CPU
		Debug|x64 = Debug|x64
		Debug|x86 = Debug|x86
		Release|Any CPU = Release|Any CPU
		Release|x64 = Release|x64
		Release|x86 = Release|x86
	EndGlobalSection
	GlobalSection(SolutionProperties) = preSolution
		HideSolutionNode = FALSE
	EndGlobalSection
	GlobalSection(NestedProjects) = preSolution
		{BC58A8F9-09F3-4081-8C9C-56EE89471BB1} = {C2F2C2EA-A6CE-4657-868A-50434DCA87EA}
		{30BB0C23-65BF-498B-9F7F-2D41C563AA3D} = {C2F2C2EA-A6CE-4657-868A-50434DCA87EA}
		{FE29D843-DA8E-4C62-B965-B1BC015771CE} = {363C1271-2B9C-4F4E-BCA9-CA0380ADAE43}
		{FA829FB2-8400-4FEF-9668-32BE8F0BEF9A} = {C2F2C2EA-A6CE-4657-868A-50434DCA87EA}
		{1E14EB46-BA8A-4B8F-9BC9-07F1E81F7F89} = {363C1271-2B9C-4F4E-BCA9-CA0380ADAE43}
	EndGlobalSection
	GlobalSection(ProjectConfigurationPlatforms) = postSolution
		{BC58A8F9-09F3-4081-8C9C-56EE89471BB1}.Debug|Any CPU.ActiveCfg = Debug|Any CPU
		{BC58A8F9-09F3-4081-8C9C-56EE89471BB1}.Debug|Any CPU.Build.0 = Debug|Any CPU
		{BC58A8F9-09F3-4081-8C9C-56EE89471BB1}.Debug|x64.ActiveCfg = Debug|Any CPU
		{BC58A8F9-09F3-4081-8C9C-56EE89471BB1}.Debug|x64.Build.0 = Debug|Any CPU
		{BC58A8F9-09F3-4081-8C9C-56EE89471BB1}.Debug|x86.ActiveCfg = Debug|Any CPU
		{BC58A8F9-09F3-4081-8C9C-56EE89471BB1}.Debug|x86.Build.0 = Debug|Any CPU
		{BC58A8F9-09F3-4081-8C9C-56EE89471BB1}.Release|Any CPU.ActiveCfg = Release|Any CPU
		{BC58A8F9-09F3-4081-8C9C-56EE89471BB1}.Release|Any CPU.Build.0 = Release|Any CPU
		{BC58A8F9-09F3-4081-8C9C-56EE89471BB1}.Release|x64.ActiveCfg = Release|Any CPU
		{BC58A8F9-09F3-4081-8C9C-56EE89471BB1}.Release|x64.Build.0 = Release|Any CPU
		{BC58A8F9-09F3-4081-8C9C-56EE89471BB1}.Release|x86.ActiveCfg = Release|Any CPU
		{BC58A8F9-09F3-4081-8C9C-56EE89471BB1}.Release|x86.Build.0 = Release|Any CPU
		{30BB0C23-65BF-498B-9F7F-2D41C563AA3D}.Debug|Any CPU.ActiveCfg = Debug|Any CPU
		{30BB0C23-65BF-498B-9F7F-2D41C563AA3D}.Debug|Any CPU.Build.0 = Debug|Any CPU
		{30BB0C23-65BF-498B-9F7F-2D41C563AA3D}.Debug|x64.ActiveCfg = Debug|Any CPU
		{30BB0C23-65BF-498B-9F7F-2D41C563AA3D}.Debug|x64.Build.0 = Debug|Any CPU
		{30BB0C23-65BF-498B-9F7F-2D41C563AA3D}.Debug|x86.ActiveCfg = Debug|Any CPU
		{30BB0C23-65BF-498B-9F7F-2D41C563AA3D}.Debug|x86.Build.0 = Debug|Any CPU
		{30BB0C23-65BF-498B-9F7F-2D41C563AA3D}.Release|Any CPU.ActiveCfg = Release|Any CPU
		{30BB0C23-65BF-498B-9F7F-2D41C563AA3D}.Release|Any CPU.Build.0 = Release|Any CPU
		{30BB0C23-65BF-498B-9F7F-2D41C563AA3D}.Release|x64.ActiveCfg = Release|Any CPU
		{30BB0C23-65BF-498B-9F7F-2D41C563AA3D}.Release|x64.Build.0 = Release|Any CPU
		{30BB0C23-65BF-498B-9F7F-2D41C563AA3D}.Release|x86.ActiveCfg = Release|Any CPU
		{30BB0C23-65BF-498B-9F7F-2D41C563AA3D}.Release|x86.Build.0 = Release|Any CPU
		{FE29D843-DA8E-4C62-B965-B1BC015771CE}.Debug|Any CPU.ActiveCfg = Debug|Any CPU
		{FE29D843-DA8E-4C62-B965-B1BC015771CE}.Debug|Any CPU.Build.0 = Debug|Any CPU
		{FE29D843-DA8E-4C62-B965-B1BC015771CE}.Debug|x64.ActiveCfg = Debug|Any CPU
		{FE29D843-DA8E-4C62-B965-B1BC015771CE}.Debug|x64.Build.0 = Debug|Any CPU
		{FE29D843-DA8E-4C62-B965-B1BC015771CE}.Debug|x86.ActiveCfg = Debug|Any CPU
		{FE29D843-DA8E-4C62-B965-B1BC015771CE}.Debug|x86.Build.0 = Debug|Any CPU
		{FE29D843-DA8E-4C62-B965-B1BC015771CE}.Release|Any CPU.ActiveCfg = Release|Any CPU
		{FE29D843-DA8E-4C62-B965-B1BC015771CE}.Release|Any CPU.Build.0 = Release|Any CPU
		{FE29D843-DA8E-4C62-B965-B1BC015771CE}.Release|x64.ActiveCfg = Release|Any CPU
		{FE29D843-DA8E-4C62-B965-B1BC015771CE}.Release|x64.Build.0 = Release|Any CPU
		{FE29D843-DA8E-4C62-B965-B1BC015771CE}.Release|x86.ActiveCfg = Release|Any CPU
		{FE29D843-DA8E-4C62-B965-B1BC015771CE}.Release|x86.Build.0 = Release|Any CPU
		{FA829FB2-8400-4FEF-9668-32BE8F0BEF9A}.Debug|Any CPU.ActiveCfg = Debug|Any CPU
		{FA829FB2-8400-4FEF-9668-32BE8F0BEF9A}.Debug|Any CPU.Build.0 = Debug|Any CPU
		{FA829FB2-8400-4FEF-9668-32BE8F0BEF9A}.Debug|x64.ActiveCfg = Debug|Any CPU
		{FA829FB2-8400-4FEF-9668-32BE8F0BEF9A}.Debug|x64.Build.0 = Debug|Any CPU
		{FA829FB2-8400-4FEF-9668-32BE8F0BEF9A}.Debug|x86.ActiveCfg = Debug|Any CPU
		{FA829FB2-8400-4FEF-9668-32BE8F0BEF9A}.Debug|x86.Build.0 = Debug|Any CPU
		{FA829FB2-8400-4FEF-9668-32BE8F0BEF9A}.Release|Any CPU.ActiveCfg = Release|Any CPU
		{FA829FB2-8400-4FEF-9668-32BE8F0BEF9A}.Release|Any CPU.Build.0 = Release|Any CPU
		{FA829FB2-8400-4FEF-9668-32BE8F0BEF9A}.Release|x64.ActiveCfg = Release|Any CPU
		{FA829FB2-8400-4FEF-9668-32BE8F0BEF9A}.Release|x64.Build.0 = Release|Any CPU
		{FA829FB2-8400-4FEF-9668-32BE8F0BEF9A}.Release|x86.ActiveCfg = Release|Any CPU
		{FA829FB2-8400-4FEF-9668-32BE8F0BEF9A}.Release|x86.Build.0 = Release|Any CPU
		{1E14EB46-BA8A-4B8F-9BC9-07F1E81F7F89}.Debug|Any CPU.ActiveCfg = Debug|Any CPU
		{1E14EB46-BA8A-4B8F-9BC9-07F1E81F7F89}.Debug|Any CPU.Build.0 = Debug|Any CPU
		{1E14EB46-BA8A-4B8F-9BC9-07F1E81F7F89}.Debug|x64.ActiveCfg = Debug|Any CPU
		{1E14EB46-BA8A-4B8F-9BC9-07F1E81F7F89}.Debug|x64.Build.0 = Debug|Any CPU
		{1E14EB46-BA8A-4B8F-9BC9-07F1E81F7F89}.Debug|x86.ActiveCfg = Debug|Any CPU
		{1E14EB46-BA8A-4B8F-9BC9-07F1E81F7F89}.Debug|x86.Build.0 = Debug|Any CPU
		{1E14EB46-BA8A-4B8F-9BC9-07F1E81F7F89}.Release|Any CPU.ActiveCfg = Release|Any CPU
		{1E14EB46-BA8A-4B8F-9BC9-07F1E81F7F89}.Release|Any CPU.Build.0 = Release|Any CPU
		{1E14EB46-BA8A-4B8F-9BC9-07F1E81F7F89}.Release|x64.ActiveCfg = Release|Any CPU
		{1E14EB46-BA8A-4B8F-9BC9-07F1E81F7F89}.Release|x64.Build.0 = Release|Any CPU
		{1E14EB46-BA8A-4B8F-9BC9-07F1E81F7F89}.Release|x86.ActiveCfg = Release|Any CPU
		{1E14EB46-BA8A-4B8F-9BC9-07F1E81F7F89}.Release|x86.Build.0 = Release|Any CPU
	EndGlobalSection
EndGlobal
